
Microsoft Visual Studio Solution File, Format Version 12.00
Project("{FAE04EC0-301F-11D3-BF4B-00C04F79EFBC}") = "PlataformaDeCarros.API", "PlataformaDeCarros.API\PlataformaDeCarros.API.csproj", "{3D4405BC-154D-4ABA-BF26-4901B7BC5BE8}"
EndProject
Project("{2150E333-8FDC-42A3-9474-1A3956D46DE8}") = "API", "API", "{29FBB188-DA4F-4828-A29D-171661A581AB}"
EndProject
Project("{2150E333-8FDC-42A3-9474-1A3956D46DE8}") = "Domain", "Domain", "{08E35035-56B2-4E41-8860-97629C54E998}"
EndProject
Project("{2150E333-8FDC-42A3-9474-1A3956D46DE8}") = "Application", "Application", "{96E9030E-10DE-4AA7-AA26-C118D4CA1D4C}"
EndProject
Project("{2150E333-8FDC-42A3-9474-1A3956D46DE8}") = "Infraestructure", "Infraestructure", "{10742900-AF4A-43CA-90E9-AF734C3CFE34}"
EndProject
Project("{2150E333-8FDC-42A3-9474-1A3956D46DE8}") = "Service.Plataform", "Service.Plataform", "{895B7A55-9D61-4354-8628-F3E7F05FFADD}"
EndProject
Project("{FAE04EC0-301F-11D3-BF4B-00C04F79EFBC}") = "Plataform.Application", "Plataform.Application\Plataform.Application.csproj", "{4BB34633-E076-41B8-9B55-103EFB1D3AD3}"
EndProject
Project("{FAE04EC0-301F-11D3-BF4B-00C04F79EFBC}") = "Plataform.Domain", "Plataform.Domain\Plataform.Domain.csproj", "{F79F7459-83DD-4721-B13D-4D97F5C5F8A4}"
EndProject
Project("{FAE04EC0-301F-11D3-BF4B-00C04F79EFBC}") = "Plataform.Infraestructure", "Plataform.Infraestructure\Plataform.Infraestructure.csproj", "{38012593-6928-45CC-B24E-8383031F0DED}"
EndProject
Global
	GlobalSection(SolutionConfigurationPlatforms) = preSolution
		Debug|Any CPU = Debug|Any CPU
		Release|Any CPU = Release|Any CPU
	EndGlobalSection
	GlobalSection(ProjectConfigurationPlatforms) = postSolution
		{3D4405BC-154D-4ABA-BF26-4901B7BC5BE8}.Debug|Any CPU.ActiveCfg = Debug|Any CPU
		{3D4405BC-154D-4ABA-BF26-4901B7BC5BE8}.Debug|Any CPU.Build.0 = Debug|Any CPU
		{3D4405BC-154D-4ABA-BF26-4901B7BC5BE8}.Release|Any CPU.ActiveCfg = Release|Any CPU
		{3D4405BC-154D-4ABA-BF26-4901B7BC5BE8}.Release|Any CPU.Build.0 = Release|Any CPU
		{4BB34633-E076-41B8-9B55-103EFB1D3AD3}.Debug|Any CPU.ActiveCfg = Debug|Any CPU
		{4BB34633-E076-41B8-9B55-103EFB1D3AD3}.Debug|Any CPU.Build.0 = Debug|Any CPU
		{4BB34633-E076-41B8-9B55-103EFB1D3AD3}.Release|Any CPU.ActiveCfg = Release|Any CPU
		{4BB34633-E076-41B8-9B55-103EFB1D3AD3}.Release|Any CPU.Build.0 = Release|Any CPU
		{F79F7459-83DD-4721-B13D-4D97F5C5F8A4}.Debug|Any CPU.ActiveCfg = Debug|Any CPU
		{F79F7459-83DD-4721-B13D-4D97F5C5F8A4}.Debug|Any CPU.Build.0 = Debug|Any CPU
		{F79F7459-83DD-4721-B13D-4D97F5C5F8A4}.Release|Any CPU.ActiveCfg = Release|Any CPU
		{F79F7459-83DD-4721-B13D-4D97F5C5F8A4}.Release|Any CPU.Build.0 = Release|Any CPU
		{38012593-6928-45CC-B24E-8383031F0DED}.Debug|Any CPU.ActiveCfg = Debug|Any CPU
		{38012593-6928-45CC-B24E-8383031F0DED}.Debug|Any CPU.Build.0 = Debug|Any CPU
		{38012593-6928-45CC-B24E-8383031F0DED}.Release|Any CPU.ActiveCfg = Release|Any CPU
		{38012593-6928-45CC-B24E-8383031F0DED}.Release|Any CPU.Build.0 = Release|Any CPU
	EndGlobalSection
	GlobalSection(NestedProjects) = preSolution
		{3D4405BC-154D-4ABA-BF26-4901B7BC5BE8} = {29FBB188-DA4F-4828-A29D-171661A581AB}
		{96E9030E-10DE-4AA7-AA26-C118D4CA1D4C} = {895B7A55-9D61-4354-8628-F3E7F05FFADD}
		{08E35035-56B2-4E41-8860-97629C54E998} = {895B7A55-9D61-4354-8628-F3E7F05FFADD}
		{10742900-AF4A-43CA-90E9-AF734C3CFE34} = {895B7A55-9D61-4354-8628-F3E7F05FFADD}
		{4BB34633-E076-41B8-9B55-103EFB1D3AD3} = {96E9030E-10DE-4AA7-AA26-C118D4CA1D4C}
		{F79F7459-83DD-4721-B13D-4D97F5C5F8A4} = {08E35035-56B2-4E41-8860-97629C54E998}
		{38012593-6928-45CC-B24E-8383031F0DED} = {10742900-AF4A-43CA-90E9-AF734C3CFE34}
	EndGlobalSection
EndGlobal
